
Microsoft Visual Studio Solution File, Format Version 12.00
# Visual Studio Version 17
VisualStudioVersion = 17.7.34024.191
MinimumVisualStudioVersion = 10.0.40219.1
Project("{FAE04EC0-301F-11D3-BF4B-00C04F79EFBC}") = "TodoLive", "TodoLive.csproj", "{077F51A2-3F8D-40DD-8F16-D3B9CA5A8FE3}"
EndProject
Global
	GlobalSection(SolutionConfigurationPlatforms) = preSolution
		Debug|Any CPU = Debug|Any CPU
		Release|Any CPU = Release|Any CPU
	EndGlobalSection
	GlobalSection(ProjectConfigurationPlatforms) = postSolution
		{077F51A2-3F8D-40DD-8F16-D3B9CA5A8FE3}.Debug|Any CPU.ActiveCfg = Debug|Any CPU
		{077F51A2-3F8D-40DD-8F16-D3B9CA5A8FE3}.Debug|Any CPU.Build.0 = Debug|Any CPU
		{077F51A2-3F8D-40DD-8F16-D3B9CA5A8FE3}.Release|Any CPU.ActiveCfg = Release|Any CPU
		{077F51A2-3F8D-40DD-8F16-D3B9CA5A8FE3}.Release|Any CPU.Build.0 = Release|Any CPU
	EndGlobalSection
	GlobalSection(SolutionProperties) = preSolution
		HideSolutionNode = FALSE
	EndGlobalSection
	GlobalSection(ExtensibilityGlobals) = postSolution
		SolutionGuid = {3B2C4701-5036-4256-AE8A-49D386BE23DB}
	EndGlobalSection
EndGlobal
